
Microsoft Visual Studio Solution File, Format Version 11.00
# Visual Studio 2010
# SharpDevelop 5.1
Project("{FAE04EC0-301F-11D3-BF4B-00C04F79EFBC}") = "ProxyWebServer", "ProxyWebServer\ProxyWebServer.csproj", "{155444A8-0721-42F8-A6D1-B6B5CB756627}"
EndProject
Global
	GlobalSection(SolutionConfigurationPlatforms) = preSolution
		Debug|Any CPU = Debug|Any CPU
		Release|Any CPU = Release|Any CPU
	EndGlobalSection
	GlobalSection(ProjectConfigurationPlatforms) = postSolution
		{155444A8-0721-42F8-A6D1-B6B5CB756627}.Debug|Any CPU.ActiveCfg = Debug|Any CPU
		{155444A8-0721-42F8-A6D1-B6B5CB756627}.Debug|Any CPU.Build.0 = Debug|Any CPU
		{155444A8-0721-42F8-A6D1-B6B5CB756627}.Release|Any CPU.ActiveCfg = Release|Any CPU
		{155444A8-0721-42F8-A6D1-B6B5CB756627}.Release|Any CPU.Build.0 = Release|Any CPU
	EndGlobalSection
EndGlobal
